
Microsoft Visual Studio Solution File, Format Version 12.00
#
Project("{F2A71F9B-5D33-465A-A702-920D77279786}") = "Fanban.Domain", "Fanban.Domain\Fanban.Domain.fsproj", "{D69096D7-A9B5-44F5-8014-3D725DAAC396}"
EndProject
Project("{F2A71F9B-5D33-465A-A702-920D77279786}") = "Fanban.Domain.Tests", "Fanban.Domain.Tests\Fanban.Domain.Tests.fsproj", "{FE4479C0-1BA4-4B38-BCF1-390F0F5F836B}"
EndProject
Project("{F2A71F9B-5D33-465A-A702-920D77279786}") = "Fanban.Api", "Fanban.Api\Fanban.Api.fsproj", "{E5F07F0D-B1B0-4A38-BED8-4A431654F0EA}"
EndProject
Project("{F2A71F9B-5D33-465A-A702-920D77279786}") = "Fanban.Application", "Fanban.Application\Fanban.Application.fsproj", "{6FC7DE92-03DA-4841-8C65-C08F263F5BA4}"
EndProject
Global
	GlobalSection(SolutionConfigurationPlatforms) = preSolution
		Debug|Any CPU = Debug|Any CPU
		Release|Any CPU = Release|Any CPU
	EndGlobalSection
	GlobalSection(ProjectConfigurationPlatforms) = postSolution
		{D69096D7-A9B5-44F5-8014-3D725DAAC396}.Debug|Any CPU.ActiveCfg = Debug|Any CPU
		{D69096D7-A9B5-44F5-8014-3D725DAAC396}.Debug|Any CPU.Build.0 = Debug|Any CPU
		{D69096D7-A9B5-44F5-8014-3D725DAAC396}.Release|Any CPU.ActiveCfg = Release|Any CPU
		{D69096D7-A9B5-44F5-8014-3D725DAAC396}.Release|Any CPU.Build.0 = Release|Any CPU
		{FE4479C0-1BA4-4B38-BCF1-390F0F5F836B}.Debug|Any CPU.ActiveCfg = Debug|Any CPU
		{FE4479C0-1BA4-4B38-BCF1-390F0F5F836B}.Debug|Any CPU.Build.0 = Debug|Any CPU
		{FE4479C0-1BA4-4B38-BCF1-390F0F5F836B}.Release|Any CPU.ActiveCfg = Release|Any CPU
		{FE4479C0-1BA4-4B38-BCF1-390F0F5F836B}.Release|Any CPU.Build.0 = Release|Any CPU
		{E5F07F0D-B1B0-4A38-BED8-4A431654F0EA}.Debug|Any CPU.ActiveCfg = Debug|Any CPU
		{E5F07F0D-B1B0-4A38-BED8-4A431654F0EA}.Debug|Any CPU.Build.0 = Debug|Any CPU
		{E5F07F0D-B1B0-4A38-BED8-4A431654F0EA}.Release|Any CPU.ActiveCfg = Release|Any CPU
		{E5F07F0D-B1B0-4A38-BED8-4A431654F0EA}.Release|Any CPU.Build.0 = Release|Any CPU
		{6FC7DE92-03DA-4841-8C65-C08F263F5BA4}.Debug|Any CPU.ActiveCfg = Debug|Any CPU
		{6FC7DE92-03DA-4841-8C65-C08F263F5BA4}.Debug|Any CPU.Build.0 = Debug|Any CPU
		{6FC7DE92-03DA-4841-8C65-C08F263F5BA4}.Release|Any CPU.ActiveCfg = Release|Any CPU
		{6FC7DE92-03DA-4841-8C65-C08F263F5BA4}.Release|Any CPU.Build.0 = Release|Any CPU
	EndGlobalSection
EndGlobal
